// !$*UTF8*$!
{
	archiveVersion = 1;
	classes = {
	};
	objectVersion = 46;
	objects = {

/* Begin PBXBuildFile section */
		4D1A7CC819D7BA050096369D /* AppDelegate.swift in Sources */ = {isa = PBXBuildFile; fileRef = 4D1A7CC719D7BA050096369D /* AppDelegate.swift */; };
		4D1A7CCA19D7BA050096369D /* ViewController.swift in Sources */ = {isa = PBXBuildFile; fileRef = 4D1A7CC919D7BA050096369D /* ViewController.swift */; };
		4D1A7CCD19D7BA050096369D /* Main.storyboard in Resources */ = {isa = PBXBuildFile; fileRef = 4D1A7CCB19D7BA050096369D /* Main.storyboard */; };
		4D1A7CCF19D7BA050096369D /* Images.xcassets in Resources */ = {isa = PBXBuildFile; fileRef = 4D1A7CCE19D7BA050096369D /* Images.xcassets */; };
		4D1A7CD219D7BA050096369D /* LaunchScreen.xib in Resources */ = {isa = PBXBuildFile; fileRef = 4D1A7CD019D7BA050096369D /* LaunchScreen.xib */; };
		4D1A7CDE19D7BA050096369D /* PostcardTests.swift in Sources */ = {isa = PBXBuildFile; fileRef = 4D1A7CDD19D7BA050096369D /* PostcardTests.swift */; };
		4D1A7CE819D8A1F40096369D /* SagradaFamilia.jpeg in Resources */ = {isa = PBXBuildFile; fileRef = 4D1A7CE719D8A1F40096369D /* SagradaFamilia.jpeg */; };
		4DCA9E5719EB183E00EC4504 /* AlbertEinsteinStamp.jpg in Resources */ = {isa = PBXBuildFile; fileRef = 4DCA9E5619EB183E00EC4504 /* AlbertEinsteinStamp.jpg */; };
/* End PBXBuildFile section */

/* Begin PBXContainerItemProxy section */
		4D1A7CD819D7BA050096369D /* PBXContainerItemProxy */ = {
			isa = PBXContainerItemProxy;
			containerPortal = 4D1A7CBA19D7BA050096369D /* Project object */;
			proxyType = 1;
			remoteGlobalIDString = 4D1A7CC119D7BA050096369D;
			remoteInfo = Postcard;
		};
/* End PBXContainerItemProxy section */

/* Begin PBXFileReference section */
		4D1A7CC219D7BA050096369D /* Postcard.app */ = {isa = PBXFileReference; explicitFileType = wrapper.application; includeInIndex = 0; path = Postcard.app; sourceTree = BUILT_PRODUCTS_DIR; };
		4D1A7CC619D7BA050096369D /* Info.plist */ = {isa = PBXFileReference; lastKnownFileType = text.plist.xml; path = Info.plist; sourceTree = "<group>"; };
		4D1A7CC719D7BA050096369D /* AppDelegate.swift */ = {isa = PBXFileReference; lastKnownFileType = sourcecode.swift; path = AppDelegate.swift; sourceTree = "<group>"; };
		4D1A7CC919D7BA050096369D /* ViewController.swift */ = {isa = PBXFileReference; lastKnownFileType = sourcecode.swift; path = ViewController.swift; sourceTree = "<group>"; };
		4D1A7CCC19D7BA050096369D /* Base */ = {isa = PBXFileReference; lastKnownFileType = file.storyboard; name = Base; path = Base.lproj/Main.storyboard; sourceTree = "<group>"; };
		4D1A7CCE19D7BA050096369D /* Images.xcassets */ = {isa = PBXFileReference; lastKnownFileType = folder.assetcatalog; path = Images.xcassets; sourceTree = "<group>"; };
		4D1A7CD119D7BA050096369D /* Base */ = {isa = PBXFileReference; lastKnownFileType = file.xib; name = Base; path = Base.lproj/LaunchScreen.xib; sourceTree = "<group>"; };
		4D1A7CD719D7BA050096369D /* PostcardTests.xctest */ = {isa = PBXFileReference; explicitFileType = wrapper.cfbundle; includeInIndex = 0; path = PostcardTests.xctest; sourceTree = BUILT_PRODUCTS_DIR; };
		4D1A7CDC19D7BA050096369D /* Info.plist */ = {isa = PBXFileReference; lastKnownFileType = text.plist.xml; path = Info.plist; sourceTree = "<group>"; };
		4D1A7CDD19D7BA050096369D /* PostcardTests.swift */ = {isa = PBXFileReference; lastKnownFileType = sourcecode.swift; path = PostcardTests.swift; sourceTree = "<group>"; };
		4D1A7CE719D8A1F40096369D /* SagradaFamilia.jpeg */ = {isa = PBXFileReference; lastKnownFileType = image.jpeg; path = SagradaFamilia.jpeg; sourceTree = "<group>"; };
		4DCA9E5619EB183E00EC4504 /* AlbertEinsteinStamp.jpg */ = {isa = PBXFileReference; lastKnownFileType = image.jpeg; path = AlbertEinsteinStamp.jpg; sourceTree = "<group>"; };
/* End PBXFileReference section */

/* Begin PBXFrameworksBuildPhase section */
		4D1A7CBF19D7BA050096369D /* Frameworks */ = {
			isa = PBXFrameworksBuildPhase;
			buildActionMask = 2147483647;
			files = (
			);
			runOnlyForDeploymentPostprocessing = 0;
		};
		4D1A7CD419D7BA050096369D /* Frameworks */ = {
			isa = PBXFrameworksBuildPhase;
			buildActionMask = 2147483647;
			files = (
			);
			runOnlyForDeploymentPostprocessing = 0;
		};
/* End PBXFrameworksBuildPhase section */

/* Begin PBXGroup section */
		4D1A7CB919D7BA050096369D = {
			isa = PBXGroup;
			children = (
				4D1A7CC419D7BA050096369D /* Postcard */,
				4D1A7CDA19D7BA050096369D /* PostcardTests */,
				4D1A7CC319D7BA050096369D /* Products */,
			);
			sourceTree = "<group>";
		};
		4D1A7CC319D7BA050096369D /* Products */ = {
			isa = PBXGroup;
			children = (
				4D1A7CC219D7BA050096369D /* Postcard.app */,
				4D1A7CD719D7BA050096369D /* PostcardTests.xctest */,
			);
			name = Products;
			sourceTree = "<group>";
		};
		4D1A7CC419D7BA050096369D /* Postcard */ = {
			isa = PBXGroup;
			children = (
				4D1A7CC719D7BA050096369D /* AppDelegate.swift */,
				4D1A7CC919D7BA050096369D /* ViewController.swift */,
				4D1A7CCB19D7BA050096369D /* Main.storyboard */,
				4D1A7CCE19D7BA050096369D /* Images.xcassets */,
				4D1A7CD019D7BA050096369D /* LaunchScreen.xib */,
				4D1A7CC519D7BA050096369D /* Supporting Files */,
			);
			path = Postcard;
			sourceTree = "<group>";
		};
		4D1A7CC519D7BA050096369D /* Supporting Files */ = {
			isa = PBXGroup;
			children = (
				4DCA9E5619EB183E00EC4504 /* AlbertEinsteinStamp.jpg */,
				4D1A7CE719D8A1F40096369D /* SagradaFamilia.jpeg */,
				4D1A7CC619D7BA050096369D /* Info.plist */,
			);
			name = "Supporting Files";
			sourceTree = "<group>";
		};
		4D1A7CDA19D7BA050096369D /* PostcardTests */ = {
			isa = PBXGroup;
			children = (
				4D1A7CDD19D7BA050096369D /* PostcardTests.swift */,
				4D1A7CDB19D7BA050096369D /* Supporting Files */,
			);
			path = PostcardTests;
			sourceTree = "<group>";
		};
		4D1A7CDB19D7BA050096369D /* Supporting Files */ = {
			isa = PBXGroup;
			children = (
				4D1A7CDC19D7BA050096369D /* Info.plist */,
			);
			name = "Supporting Files";
			sourceTree = "<group>";
		};
/* End PBXGroup section */

/* Begin PBXNativeTarget section */
		4D1A7CC119D7BA050096369D /* Postcard */ = {
			isa = PBXNativeTarget;
			buildConfigurationList = 4D1A7CE119D7BA050096369D /* Build configuration list for PBXNativeTarget "Postcard" */;
			buildPhases = (
				4D1A7CBE19D7BA050096369D /* Sources */,
				4D1A7CBF19D7BA050096369D /* Frameworks */,
				4D1A7CC019D7BA050096369D /* Resources */,
			);
			buildRules = (
			);
			dependencies = (
			);
			name = Postcard;
			productName = Postcard;
			productReference = 4D1A7CC219D7BA050096369D /* Postcard.app */;
			productType = "com.apple.product-type.application";
		};
		4D1A7CD619D7BA050096369D /* PostcardTests */ = {
			isa = PBXNativeTarget;
			buildConfigurationList = 4D1A7CE419D7BA050096369D /* Build configuration list for PBXNativeTarget "PostcardTests" */;
			buildPhases = (
				4D1A7CD319D7BA050096369D /* Sources */,
				4D1A7CD419D7BA050096369D /* Frameworks */,
				4D1A7CD519D7BA050096369D /* Resources */,
			);
			buildRules = (
			);
			dependencies = (
				4D1A7CD919D7BA050096369D /* PBXTargetDependency */,
			);
			name = PostcardTests;
			productName = PostcardTests;
			productReference = 4D1A7CD719D7BA050096369D /* PostcardTests.xctest */;
			productType = "com.apple.product-type.bundle.unit-test";
		};
/* End PBXNativeTarget section */

/* Begin PBXProject section */
		4D1A7CBA19D7BA050096369D /* Project object */ = {
			isa = PBXProject;
			attributes = {
				LastUpgradeCheck = 0600;
				ORGANIZATIONNAME = "Frederick Smith";
				TargetAttributes = {
					4D1A7CC119D7BA050096369D = {
						CreatedOnToolsVersion = 6.0.1;
					};
					4D1A7CD619D7BA050096369D = {
						CreatedOnToolsVersion = 6.0.1;
						TestTargetID = 4D1A7CC119D7BA050096369D;
					};
				};
			};
			buildConfigurationList = 4D1A7CBD19D7BA050096369D /* Build configuration list for PBXProject "Postcard" */;
			compatibilityVersion = "Xcode 3.2";
			developmentRegion = English;
			hasScannedForEncodings = 0;
			knownRegions = (
				en,
				Base,
			);
			mainGroup = 4D1A7CB919D7BA050096369D;
			productRefGroup = 4D1A7CC319D7BA050096369D /* Products */;
			projectDirPath = "";
			projectRoot = "";
			targets = (
				4D1A7CC119D7BA050096369D /* Postcard */,
				4D1A7CD619D7BA050096369D /* PostcardTests */,
			);
		};
/* End PBXProject section */

/* Begin PBXResourcesBuildPhase section */
		4D1A7CC019D7BA050096369D /* Resources */ = {
			isa = PBXResourcesBuildPhase;
			buildActionMask = 2147483647;
			files = (
				4D1A7CCD19D7BA050096369D /* Main.storyboard in Resources */,
				4D1A7CE819D8A1F40096369D /* SagradaFamilia.jpeg in Resources */,
				4DCA9E5719EB183E00EC4504 /* AlbertEinsteinStamp.jpg in Resources */,
				4D1A7CD219D7BA050096369D /* LaunchScreen.xib in Resources */,
				4D1A7CCF19D7BA050096369D /* Images.xcassets in Resources */,
			);
			runOnlyForDeploymentPostprocessing = 0;
		};
		4D1A7CD519D7BA050096369D /* Resources */ = {
			isa = PBXResourcesBuildPhase;
			buildActionMask = 2147483647;
			files = (
			);
			runOnlyForDeploymentPostprocessing = 0;
		};
/* End PBXResourcesBuildPhase section */

/* Begin PBXSourcesBuildPhase section */
		4D1A7CBE19D7BA050096369D /* Sources */ = {
			isa = PBXSourcesBuildPhase;
			buildActionMask = 2147483647;
			files = (
				4D1A7CCA19D7BA050096369D /* ViewController.swift in Sources */,
				4D1A7CC819D7BA050096369D /* AppDelegate.swift in Sources */,
			);
			runOnlyForDeploymentPostprocessing = 0;
		};
		4D1A7CD319D7BA050096369D /* Sources */ = {
			isa = PBXSourcesBuildPhase;
			buildActionMask = 2147483647;
			files = (
				4D1A7CDE19D7BA050096369D /* PostcardTests.swift in Sources */,
			);
			runOnlyForDeploymentPostprocessing = 0;
		};
/* End PBXSourcesBuildPhase section */

/* Begin PBXTargetDependency section */
		4D1A7CD919D7BA050096369D /* PBXTargetDependency */ = {
			isa = PBXTargetDependency;
			target = 4D1A7CC119D7BA050096369D /* Postcard */;
			targetProxy = 4D1A7CD819D7BA050096369D /* PBXContainerItemProxy */;
		};
/* End PBXTargetDependency section */

/* Begin PBXVariantGroup section */
		4D1A7CCB19D7BA050096369D /* Main.storyboard */ = {
			isa = PBXVariantGroup;
			children = (
				4D1A7CCC19D7BA050096369D /* Base */,
			);
			name = Main.storyboard;
			sourceTree = "<group>";
		};
		4D1A7CD019D7BA050096369D /* LaunchScreen.xib */ = {
			isa = PBXVariantGroup;
			children = (
				4D1A7CD119D7BA050096369D /* Base */,
			);
			name = LaunchScreen.xib;
			sourceTree = "<group>";
		};
/* End PBXVariantGroup section */

/* Begin XCBuildConfiguration section */
		4D1A7CDF19D7BA050096369D /* Debug */ = {
			isa = XCBuildConfiguration;
			buildSettings = {
				ALWAYS_SEARCH_USER_PATHS = NO;
				CLANG_CXX_LANGUAGE_STANDARD = "gnu++0x";
				CLANG_CXX_LIBRARY = "libc++";
				CLANG_ENABLE_MODULES = YES;
				CLANG_ENABLE_OBJC_ARC = YES;
				CLANG_WARN_BOOL_CONVERSION = YES;
				CLANG_WARN_CONSTANT_CONVERSION = YES;
				CLANG_WARN_DIRECT_OBJC_ISA_USAGE = YES_ERROR;
				CLANG_WARN_EMPTY_BODY = YES;
				CLANG_WARN_ENUM_CONVERSION = YES;
				CLANG_WARN_INT_CONVERSION = YES;
				CLANG_WARN_OBJC_ROOT_CLASS = YES_ERROR;
				CLANG_WARN_UNREACHABLE_CODE = YES;
				CLANG_WARN__DUPLICATE_METHOD_MATCH = YES;
				"CODE_SIGN_IDENTITY[sdk=iphoneos*]" = "iPhone Developer";
				COPY_PHASE_STRIP = NO;
				ENABLE_STRICT_OBJC_MSGSEND = YES;
				GCC_C_LANGUAGE_STANDARD = gnu99;
				GCC_DYNAMIC_NO_PIC = NO;
				GCC_OPTIMIZATION_LEVEL = 0;
				GCC_PREPROCESSOR_DEFINITIONS = (
					"DEBUG=1",
					"$(inherited)",
				);
				GCC_SYMBOLS_PRIVATE_EXTERN = NO;
				GCC_WARN_64_TO_32_BIT_CONVERSION = YES;
				GCC_WARN_ABOUT_RETURN_TYPE = YES_ERROR;
				GCC_WARN_UNDECLARED_SELECTOR = YES;
				GCC_WARN_UNINITIALIZED_AUTOS = YES_AGGRESSIVE;
				GCC_WARN_UNUSED_FUNCTION = YES;
				GCC_WARN_UNUSED_VARIABLE = YES;
				IPHONEOS_DEPLOYMENT_TARGET = 8.0;
				MTL_ENABLE_DEBUG_INFO = YES;
				ONLY_ACTIVE_ARCH = YES;
				SDKROOT = iphoneos;
				SWIFT_OPTIMIZATION_LEVEL = "-Onone";
			};
			name = Debug;
		};
		4D1A7CE019D7BA050096369D /* Release */ = {
			isa = XCBuildConfiguration;
			buildSettings = {
				ALWAYS_SEARCH_USER_PATHS = NO;
				CLANG_CXX_LANGUAGE_STANDARD = "gnu++0x";
				CLANG_CXX_LIBRARY = "libc++";
				CLANG_ENABLE_MODULES = YES;
				CLANG_ENABLE_OBJC_ARC = YES;
				CLANG_WARN_BOOL_CONVERSION = YES;
				CLANG_WARN_CONSTANT_CONVERSION = YES;
				CLANG_WARN_DIRECT_OBJC_ISA_USAGE = YES_ERROR;
				CLANG_WARN_EMPTY_BODY = YES;
				CLANG_WARN_ENUM_CONVERSION = YES;
				CLANG_WARN_INT_CONVERSION = YES;
				CLANG_WARN_OBJC_ROOT_CLASS = YES_ERROR;
				CLANG_WARN_UNREACHABLE_CODE = YES;
				CLANG_WARN__DUPLICATE_METHOD_MATCH = YES;
				"CODE_SIGN_IDENTITY[sdk=iphoneos*]" = "iPhone Developer";
				COPY_PHASE_STRIP = YES;
				ENABLE_NS_ASSERTIONS = NO;
				ENABLE_STRICT_OBJC_MSGSEND = YES;
				GCC_C_LANGUAGE_STANDARD = gnu99;
				GCC_WARN_64_TO_32_BIT_CONVERSION = YES;
				GCC_WARN_ABOUT_RETURN_TYPE = YES_ERROR;
				GCC_WARN_UNDECLARED_SELECTOR = YES;
				GCC_WARN_UNINITIALIZED_AUTOS = YES_AGGRESSIVE;
				GCC_WARN_UNUSED_FUNCTION = YES;
				GCC_WARN_UNUSED_VARIABLE = YES;
				IPHONEOS_DEPLOYMENT_TARGET = 8.0;
				MTL_ENABLE_DEBUG_INFO = NO;
				SDKROOT = iphoneos;
				VALIDATE_PRODUCT = YES;
			};
			name = Release;
		};
		4D1A7CE219D7BA050096369D /* Debug */ = {
			isa = XCBuildConfiguration;
			buildSettings = {
				ASSETCATALOG_COMPILER_APPICON_NAME = AppIcon;
				INFOPLIST_FILE = Postcard/Info.plist;
				LD_RUNPATH_SEARCH_PATHS = "$(inherited) @executable_path/Frameworks";
				PRODUCT_NAME = "$(TARGET_NAME)";
			};
			name = Debug;
		};
		4D1A7CE319D7BA050096369D /* Release */ = {
			isa = XCBuildConfiguration;
			buildSettings = {
				ASSETCATALOG_COMPILER_APPICON_NAME = AppIcon;
				INFOPLIST_FILE = Postcard/Info.plist;
				LD_RUNPATH_SEARCH_PATHS = "$(inherited) @executable_path/Frameworks";
				PRODUCT_NAME = "$(TARGET_NAME)";
			};
			name = Release;
		};
		4D1A7CE519D7BA050096369D /* Debug */ = {
			isa = XCBuildConfiguration;
			buildSettings = {
				BUNDLE_LOADER = "$(TEST_HOST)";
				FRAMEWORK_SEARCH_PATHS = (
					"$(SDKROOT)/Developer/Library/Frameworks",
					"$(inherited)",
				);
				GCC_PREPROCESSOR_DEFINITIONS = (
					"DEBUG=1",
					"$(inherited)",
				);
				INFOPLIST_FILE = PostcardTests/Info.plist;
				LD_RUNPATH_SEARCH_PATHS = "$(inherited) @executable_path/Frameworks @loader_path/Frameworks";
				PRODUCT_NAME = "$(TARGET_NAME)";
				TEST_HOST = "$(BUILT_PRODUCTS_DIR)/Postcard.app/Postcard";
			};
			name = Debug;
		};
		4D1A7CE619D7BA050096369D /* Release */ = {
			isa = XCBuildConfiguration;
			buildSettings = {
				BUNDLE_LOADER = "$(TEST_HOST)";
				FRAMEWORK_SEARCH_PATHS = (
					"$(SDKROOT)/Developer/Library/Frameworks",
					"$(inherited)",
				);
				INFOPLIST_FILE = PostcardTests/Info.plist;
				LD_RUNPATH_SEARCH_PATHS = "$(inherited) @executable_path/Frameworks @loader_path/Frameworks";
				PRODUCT_NAME = "$(TARGET_NAME)";
				TEST_HOST = "$(BUILT_PRODUCTS_DIR)/Postcard.app/Postcard";
			};
			name = Release;
		};
/* End XCBuildConfiguration section */

/* Begin XCConfigurationList section */
		4D1A7CBD19D7BA050096369D /* Build configuration list for PBXProject "Postcard" */ = {
			isa = XCConfigurationList;
			buildConfigurations = (
				4D1A7CDF19D7BA050096369D /* Debug */,
				4D1A7CE019D7BA050096369D /* Release */,
			);
			defaultConfigurationIsVisible = 0;
			defaultConfigurationName = Release;
		};
		4D1A7CE119D7BA050096369D /* Build configuration list for PBXNativeTarget "Postcard" */ = {
			isa = XCConfigurationList;
			buildConfigurations = (
				4D1A7CE219D7BA050096369D /* Debug */,
				4D1A7CE319D7BA050096369D /* Release */,
			);
			defaultConfigurationIsVisible = 0;
			defaultConfigurationName = Release;
		};
		4D1A7CE419D7BA050096369D /* Build configuration list for PBXNativeTarget "PostcardTests" */ = {
			isa = XCConfigurationList;
			buildConfigurations = (
				4D1A7CE519D7BA050096369D /* Debug */,
				4D1A7CE619D7BA050096369D /* Release */,
			);
			defaultConfigurationIsVisible = 0;
			defaultConfigurationName = Release;
		};
/* End XCConfigurationList section */
	};
	rootObject = 4D1A7CBA19D7BA050096369D /* Project object */;
}
